// !$*UTF8*$!
{
	archiveVersion = 1;
	classes = {
	};
	objectVersion = 46;
	objects = {

/* Begin PBXBuildFile section */
		5E706E9F1D1A631600FAA7B3 /* main.m in Sources */ = {isa = PBXBuildFile; fileRef = 5E706E9E1D1A631600FAA7B3 /* main.m */; };
		5E706EA21D1A631600FAA7B3 /* AppDelegate.m in Sources */ = {isa = PBXBuildFile; fileRef = 5E706EA11D1A631600FAA7B3 /* AppDelegate.m */; };
		5E706EA51D1A631700FAA7B3 /* ViewController.m in Sources */ = {isa = PBXBuildFile; fileRef = 5E706EA41D1A631700FAA7B3 /* ViewController.m */; };
		5E706EA81D1A631700FAA7B3 /* Main.storyboard in Resources */ = {isa = PBXBuildFile; fileRef = 5E706EA61D1A631700FAA7B3 /* Main.storyboard */; };
		5E706EAA1D1A631700FAA7B3 /* Assets.xcassets in Resources */ = {isa = PBXBuildFile; fileRef = 5E706EA91D1A631700FAA7B3 /* Assets.xcassets */; };
		5E706EAD1D1A631700FAA7B3 /* LaunchScreen.storyboard in Resources */ = {isa = PBXBuildFile; fileRef = 5E706EAB1D1A631700FAA7B3 /* LaunchScreen.storyboard */; };
		5E706EB81D1A631900FAA7B3 /* SWRevealSampleTests.m in Sources */ = {isa = PBXBuildFile; fileRef = 5E706EB71D1A631900FAA7B3 /* SWRevealSampleTests.m */; };
		5E706EC31D1A631900FAA7B3 /* SWRevealSampleUITests.m in Sources */ = {isa = PBXBuildFile; fileRef = 5E706EC21D1A631900FAA7B3 /* SWRevealSampleUITests.m */; };
		5E706ED31D1A654700FAA7B3 /* SWRevealViewController.m in Sources */ = {isa = PBXBuildFile; fileRef = 5E706ED21D1A654700FAA7B3 /* SWRevealViewController.m */; };
		5E706ED71D1A663700FAA7B3 /* frontViewController.m in Sources */ = {isa = PBXBuildFile; fileRef = 5E706ED51D1A663700FAA7B3 /* frontViewController.m */; };
		5E706ED81D1A663700FAA7B3 /* frontViewController.xib in Resources */ = {isa = PBXBuildFile; fileRef = 5E706ED61D1A663700FAA7B3 /* frontViewController.xib */; };
		5E706EDC1D1A664C00FAA7B3 /* rearViewController.m in Sources */ = {isa = PBXBuildFile; fileRef = 5E706EDA1D1A664C00FAA7B3 /* rearViewController.m */; };
		5E706EDD1D1A664C00FAA7B3 /* rearViewController.xib in Resources */ = {isa = PBXBuildFile; fileRef = 5E706EDB1D1A664C00FAA7B3 /* rearViewController.xib */; };
		5E706EE11D1A666000FAA7B3 /* rightViewController.m in Sources */ = {isa = PBXBuildFile; fileRef = 5E706EDF1D1A666000FAA7B3 /* rightViewController.m */; };
		5E706EE21D1A666000FAA7B3 /* rightViewController.xib in Resources */ = {isa = PBXBuildFile; fileRef = 5E706EE01D1A666000FAA7B3 /* rightViewController.xib */; };
		5E706EF21D1A6B3900FAA7B3 /* activity-m-icon.png in Resources */ = {isa = PBXBuildFile; fileRef = 5E706EE71D1A6B3900FAA7B3 /* activity-m-icon.png */; };
		5E706EF31D1A6B3900FAA7B3 /* home-m-icon.png in Resources */ = {isa = PBXBuildFile; fileRef = 5E706EE81D1A6B3900FAA7B3 /* home-m-icon.png */; };
		5E706EF41D1A6B3900FAA7B3 /* how-m-icon.png in Resources */ = {isa = PBXBuildFile; fileRef = 5E706EE91D1A6B3900FAA7B3 /* how-m-icon.png */; };
		5E706EF51D1A6B3900FAA7B3 /* invite-m-icon.png in Resources */ = {isa = PBXBuildFile; fileRef = 5E706EEA1D1A6B3900FAA7B3 /* invite-m-icon.png */; };
		5E706EF61D1A6B3900FAA7B3 /* login-m-icon.png in Resources */ = {isa = PBXBuildFile; fileRef = 5E706EEB1D1A6B3900FAA7B3 /* login-m-icon.png */; };
		5E706EF71D1A6B3900FAA7B3 /* logout-m-icon.png in Resources */ = {isa = PBXBuildFile; fileRef = 5E706EEC1D1A6B3900FAA7B3 /* logout-m-icon.png */; };
		5E706EF81D1A6B3900FAA7B3 /* message-m-icon.png in Resources */ = {isa = PBXBuildFile; fileRef = 5E706EED1D1A6B3900FAA7B3 /* message-m-icon.png */; };
		5E706EF91D1A6B3900FAA7B3 /* my-account-m-icon.png in Resources */ = {isa = PBXBuildFile; fileRef = 5E706EEE1D1A6B3900FAA7B3 /* my-account-m-icon.png */; };
		5E706EFA1D1A6B3900FAA7B3 /* terms-m-icon.png in Resources */ = {isa = PBXBuildFile; fileRef = 5E706EEF1D1A6B3900FAA7B3 /* terms-m-icon.png */; };
		5E706EFB1D1A6B3900FAA7B3 /* readmore.png in Resources */ = {isa = PBXBuildFile; fileRef = 5E706EF01D1A6B3900FAA7B3 /* readmore.png */; };
		5E706EFC1D1A6B3900FAA7B3 /* hearticon-1.png in Resources */ = {isa = PBXBuildFile; fileRef = 5E706EF11D1A6B3900FAA7B3 /* hearticon-1.png */; };
		5E706EFE1D1A6BA400FAA7B3 /* linebox-1.png in Resources */ = {isa = PBXBuildFile; fileRef = 5E706EFD1D1A6BA400FAA7B3 /* linebox-1.png */; };
		5E706F001D1A6BBC00FAA7B3 /* usericon.png in Resources */ = {isa = PBXBuildFile; fileRef = 5E706EFF1D1A6BBC00FAA7B3 /* usericon.png */; };
		5E706F091D1A863900FAA7B3 /* rearTableViewCell.m in Sources */ = {isa = PBXBuildFile; fileRef = 5E706F071D1A863900FAA7B3 /* rearTableViewCell.m */; };
		5E706F0A1D1A863900FAA7B3 /* rearTableViewCell.xib in Resources */ = {isa = PBXBuildFile; fileRef = 5E706F081D1A863900FAA7B3 /* rearTableViewCell.xib */; };
/* End PBXBuildFile section */

/* Begin PBXContainerItemProxy section */
		5E706EB41D1A631900FAA7B3 /* PBXContainerItemProxy */ = {
			isa = PBXContainerItemProxy;
			containerPortal = 5E706E921D1A631300FAA7B3 /* Project object */;
			proxyType = 1;
			remoteGlobalIDString = 5E706E991D1A631300FAA7B3;
			remoteInfo = SWRevealSample;
		};
		5E706EBF1D1A631900FAA7B3 /* PBXContainerItemProxy */ = {
			isa = PBXContainerItemProxy;
			containerPortal = 5E706E921D1A631300FAA7B3 /* Project object */;
			proxyType = 1;
			remoteGlobalIDString = 5E706E991D1A631300FAA7B3;
			remoteInfo = SWRevealSample;
		};
/* End PBXContainerItemProxy section */

/* Begin PBXFileReference section */
		5E706E9A1D1A631300FAA7B3 /* SWRevealSample.app */ = {isa = PBXFileReference; explicitFileType = wrapper.application; includeInIndex = 0; path = SWRevealSample.app; sourceTree = BUILT_PRODUCTS_DIR; };
		5E706E9E1D1A631600FAA7B3 /* main.m */ = {isa = PBXFileReference; lastKnownFileType = sourcecode.c.objc; path = main.m; sourceTree = "<group>"; };
		5E706EA01D1A631600FAA7B3 /* AppDelegate.h */ = {isa = PBXFileReference; lastKnownFileType = sourcecode.c.h; path = AppDelegate.h; sourceTree = "<group>"; };
		5E706EA11D1A631600FAA7B3 /* AppDelegate.m */ = {isa = PBXFileReference; lastKnownFileType = sourcecode.c.objc; path = AppDelegate.m; sourceTree = "<group>"; };
		5E706EA31D1A631700FAA7B3 /* ViewController.h */ = {isa = PBXFileReference; lastKnownFileType = sourcecode.c.h; path = ViewController.h; sourceTree = "<group>"; };
		5E706EA41D1A631700FAA7B3 /* ViewController.m */ = {isa = PBXFileReference; lastKnownFileType = sourcecode.c.objc; path = ViewController.m; sourceTree = "<group>"; };
		5E706EA71D1A631700FAA7B3 /* Base */ = {isa = PBXFileReference; lastKnownFileType = file.storyboard; name = Base; path = Base.lproj/Main.storyboard; sourceTree = "<group>"; };
		5E706EA91D1A631700FAA7B3 /* Assets.xcassets */ = {isa = PBXFileReference; lastKnownFileType = folder.assetcatalog; path = Assets.xcassets; sourceTree = "<group>"; };
		5E706EAC1D1A631700FAA7B3 /* Base */ = {isa = PBXFileReference; lastKnownFileType = file.storyboard; name = Base; path = Base.lproj/LaunchScreen.storyboard; sourceTree = "<group>"; };
		5E706EAE1D1A631800FAA7B3 /* Info.plist */ = {isa = PBXFileReference; lastKnownFileType = text.plist.xml; path = Info.plist; sourceTree = "<group>"; };
		5E706EB31D1A631900FAA7B3 /* SWRevealSampleTests.xctest */ = {isa = PBXFileReference; explicitFileType = wrapper.cfbundle; includeInIndex = 0; path = SWRevealSampleTests.xctest; sourceTree = BUILT_PRODUCTS_DIR; };
		5E706EB71D1A631900FAA7B3 /* SWRevealSampleTests.m */ = {isa = PBXFileReference; lastKnownFileType = sourcecode.c.objc; path = SWRevealSampleTests.m; sourceTree = "<group>"; };
		5E706EB91D1A631900FAA7B3 /* Info.plist */ = {isa = PBXFileReference; lastKnownFileType = text.plist.xml; path = Info.plist; sourceTree = "<group>"; };
		5E706EBE1D1A631900FAA7B3 /* SWRevealSampleUITests.xctest */ = {isa = PBXFileReference; explicitFileType = wrapper.cfbundle; includeInIndex = 0; path = SWRevealSampleUITests.xctest; sourceTree = BUILT_PRODUCTS_DIR; };
		5E706EC21D1A631900FAA7B3 /* SWRevealSampleUITests.m */ = {isa = PBXFileReference; lastKnownFileType = sourcecode.c.objc; path = SWRevealSampleUITests.m; sourceTree = "<group>"; };
		5E706EC41D1A631900FAA7B3 /* Info.plist */ = {isa = PBXFileReference; lastKnownFileType = text.plist.xml; path = Info.plist; sourceTree = "<group>"; };
		5E706ED11D1A654700FAA7B3 /* SWRevealViewController.h */ = {isa = PBXFileReference; fileEncoding = 4; lastKnownFileType = sourcecode.c.h; path = SWRevealViewController.h; sourceTree = "<group>"; };
		5E706ED21D1A654700FAA7B3 /* SWRevealViewController.m */ = {isa = PBXFileReference; fileEncoding = 4; lastKnownFileType = sourcecode.c.objc; path = SWRevealViewController.m; sourceTree = "<group>"; };
		5E706ED41D1A663700FAA7B3 /* frontViewController.h */ = {isa = PBXFileReference; fileEncoding = 4; lastKnownFileType = sourcecode.c.h; path = frontViewController.h; sourceTree = "<group>"; };
		5E706ED51D1A663700FAA7B3 /* frontViewController.m */ = {isa = PBXFileReference; fileEncoding = 4; lastKnownFileType = sourcecode.c.objc; path = frontViewController.m; sourceTree = "<group>"; };
		5E706ED61D1A663700FAA7B3 /* frontViewController.xib */ = {isa = PBXFileReference; fileEncoding = 4; lastKnownFileType = file.xib; path = frontViewController.xib; sourceTree = "<group>"; };
		5E706ED91D1A664C00FAA7B3 /* rearViewController.h */ = {isa = PBXFileReference; fileEncoding = 4; lastKnownFileType = sourcecode.c.h; path = rearViewController.h; sourceTree = "<group>"; };
		5E706EDA1D1A664C00FAA7B3 /* rearViewController.m */ = {isa = PBXFileReference; fileEncoding = 4; lastKnownFileType = sourcecode.c.objc; path = rearViewController.m; sourceTree = "<group>"; };
		5E706EDB1D1A664C00FAA7B3 /* rearViewController.xib */ = {isa = PBXFileReference; fileEncoding = 4; lastKnownFileType = file.xib; path = rearViewController.xib; sourceTree = "<group>"; };
		5E706EDE1D1A666000FAA7B3 /* rightViewController.h */ = {isa = PBXFileReference; fileEncoding = 4; lastKnownFileType = sourcecode.c.h; path = rightViewController.h; sourceTree = "<group>"; };
		5E706EDF1D1A666000FAA7B3 /* rightViewController.m */ = {isa = PBXFileReference; fileEncoding = 4; lastKnownFileType = sourcecode.c.objc; path = rightViewController.m; sourceTree = "<group>"; };
		5E706EE01D1A666000FAA7B3 /* rightViewController.xib */ = {isa = PBXFileReference; fileEncoding = 4; lastKnownFileType = file.xib; path = rightViewController.xib; sourceTree = "<group>"; };
		5E706EE71D1A6B3900FAA7B3 /* activity-m-icon.png */ = {isa = PBXFileReference; lastKnownFileType = image.png; path = "activity-m-icon.png"; sourceTree = "<group>"; };
		5E706EE81D1A6B3900FAA7B3 /* home-m-icon.png */ = {isa = PBXFileReference; lastKnownFileType = image.png; path = "home-m-icon.png"; sourceTree = "<group>"; };
		5E706EE91D1A6B3900FAA7B3 /* how-m-icon.png */ = {isa = PBXFileReference; lastKnownFileType = image.png; path = "how-m-icon.png"; sourceTree = "<group>"; };
		5E706EEA1D1A6B3900FAA7B3 /* invite-m-icon.png */ = {isa = PBXFileReference; lastKnownFileType = image.png; path = "invite-m-icon.png"; sourceTree = "<group>"; };
		5E706EEB1D1A6B3900FAA7B3 /* login-m-icon.png */ = {isa = PBXFileReference; lastKnownFileType = image.png; path = "login-m-icon.png"; sourceTree = "<group>"; };
		5E706EEC1D1A6B3900FAA7B3 /* logout-m-icon.png */ = {isa = PBXFileReference; lastKnownFileType = image.png; path = "logout-m-icon.png"; sourceTree = "<group>"; };
		5E706EED1D1A6B3900FAA7B3 /* message-m-icon.png */ = {isa = PBXFileReference; lastKnownFileType = image.png; path = "message-m-icon.png"; sourceTree = "<group>"; };
		5E706EEE1D1A6B3900FAA7B3 /* my-account-m-icon.png */ = {isa = PBXFileReference; lastKnownFileType = image.png; path = "my-account-m-icon.png"; sourceTree = "<group>"; };
		5E706EEF1D1A6B3900FAA7B3 /* terms-m-icon.png */ = {isa = PBXFileReference; lastKnownFileType = image.png; path = "terms-m-icon.png"; sourceTree = "<group>"; };
		5E706EF01D1A6B3900FAA7B3 /* readmore.png */ = {isa = PBXFileReference; lastKnownFileType = image.png; path = readmore.png; sourceTree = "<group>"; };
		5E706EF11D1A6B3900FAA7B3 /* hearticon-1.png */ = {isa = PBXFileReference; lastKnownFileType = image.png; path = "hearticon-1.png"; sourceTree = "<group>"; };
		5E706EFD1D1A6BA400FAA7B3 /* linebox-1.png */ = {isa = PBXFileReference; lastKnownFileType = image.png; path = "linebox-1.png"; sourceTree = "<group>"; };
		5E706EFF1D1A6BBC00FAA7B3 /* usericon.png */ = {isa = PBXFileReference; lastKnownFileType = image.png; path = usericon.png; sourceTree = "<group>"; };
		5E706F061D1A863900FAA7B3 /* rearTableViewCell.h */ = {isa = PBXFileReference; fileEncoding = 4; lastKnownFileType = sourcecode.c.h; path = rearTableViewCell.h; sourceTree = "<group>"; };
		5E706F071D1A863900FAA7B3 /* rearTableViewCell.m */ = {isa = PBXFileReference; fileEncoding = 4; lastKnownFileType = sourcecode.c.objc; path = rearTableViewCell.m; sourceTree = "<group>"; };
		5E706F081D1A863900FAA7B3 /* rearTableViewCell.xib */ = {isa = PBXFileReference; fileEncoding = 4; lastKnownFileType = file.xib; path = rearTableViewCell.xib; sourceTree = "<group>"; };
/* End PBXFileReference section */

/* Begin PBXFrameworksBuildPhase section */
		5E706E971D1A631300FAA7B3 /* Frameworks */ = {
			isa = PBXFrameworksBuildPhase;
			buildActionMask = 2147483647;
			files = (
			);
			runOnlyForDeploymentPostprocessing = 0;
		};
		5E706EB01D1A631900FAA7B3 /* Frameworks */ = {
			isa = PBXFrameworksBuildPhase;
			buildActionMask = 2147483647;
			files = (
			);
			runOnlyForDeploymentPostprocessing = 0;
		};
		5E706EBB1D1A631900FAA7B3 /* Frameworks */ = {
			isa = PBXFrameworksBuildPhase;
			buildActionMask = 2147483647;
			files = (
			);
			runOnlyForDeploymentPostprocessing = 0;
		};
/* End PBXFrameworksBuildPhase section */

/* Begin PBXGroup section */
		5E706E911D1A631200FAA7B3 = {
			isa = PBXGroup;
			children = (
				5E706E9C1D1A631500FAA7B3 /* SWRevealSample */,
				5E706EB61D1A631900FAA7B3 /* SWRevealSampleTests */,
				5E706EC11D1A631900FAA7B3 /* SWRevealSampleUITests */,
				5E706E9B1D1A631300FAA7B3 /* Products */,
			);
			sourceTree = "<group>";
		};
		5E706E9B1D1A631300FAA7B3 /* Products */ = {
			isa = PBXGroup;
			children = (
				5E706E9A1D1A631300FAA7B3 /* SWRevealSample.app */,
				5E706EB31D1A631900FAA7B3 /* SWRevealSampleTests.xctest */,
				5E706EBE1D1A631900FAA7B3 /* SWRevealSampleUITests.xctest */,
			);
			name = Products;
			sourceTree = "<group>";
		};
		5E706E9C1D1A631500FAA7B3 /* SWRevealSample */ = {
			isa = PBXGroup;
			children = (
				5E706EE61D1A6B0E00FAA7B3 /* images */,
				5E706ED01D1A654700FAA7B3 /* SWRevealViewController */,
				5E706EA01D1A631600FAA7B3 /* AppDelegate.h */,
				5E706EA11D1A631600FAA7B3 /* AppDelegate.m */,
				5E706EA31D1A631700FAA7B3 /* ViewController.h */,
				5E706EA41D1A631700FAA7B3 /* ViewController.m */,
				5E706EA61D1A631700FAA7B3 /* Main.storyboard */,
				5E706EA91D1A631700FAA7B3 /* Assets.xcassets */,
				5E706EAB1D1A631700FAA7B3 /* LaunchScreen.storyboard */,
				5E706EAE1D1A631800FAA7B3 /* Info.plist */,
				5E706EE51D1A669900FAA7B3 /* Right View */,
				5E706EE41D1A668200FAA7B3 /* Rear View */,
				5E706EE31D1A666900FAA7B3 /* Front View */,
				5E706E9D1D1A631600FAA7B3 /* Supporting Files */,
			);
			path = SWRevealSample;
			sourceTree = "<group>";
		};
		5E706E9D1D1A631600FAA7B3 /* Supporting Files */ = {
			isa = PBXGroup;
			children = (
				5E706E9E1D1A631600FAA7B3 /* main.m */,
			);
			name = "Supporting Files";
			sourceTree = "<group>";
		};
		5E706EB61D1A631900FAA7B3 /* SWRevealSampleTests */ = {
			isa = PBXGroup;
			children = (
				5E706EB71D1A631900FAA7B3 /* SWRevealSampleTests.m */,
				5E706EB91D1A631900FAA7B3 /* Info.plist */,
			);
			path = SWRevealSampleTests;
			sourceTree = "<group>";
		};
		5E706EC11D1A631900FAA7B3 /* SWRevealSampleUITests */ = {
			isa = PBXGroup;
			children = (
				5E706EC21D1A631900FAA7B3 /* SWRevealSampleUITests.m */,
				5E706EC41D1A631900FAA7B3 /* Info.plist */,
			);
			path = SWRevealSampleUITests;
			sourceTree = "<group>";
		};
		5E706ED01D1A654700FAA7B3 /* SWRevealViewController */ = {
			isa = PBXGroup;
			children = (
				5E706ED11D1A654700FAA7B3 /* SWRevealViewController.h */,
				5E706ED21D1A654700FAA7B3 /* SWRevealViewController.m */,
			);
			path = SWRevealViewController;
			sourceTree = "<group>";
		};
		5E706EE31D1A666900FAA7B3 /* Front View */ = {
			isa = PBXGroup;
			children = (
				5E706ED41D1A663700FAA7B3 /* frontViewController.h */,
				5E706ED51D1A663700FAA7B3 /* frontViewController.m */,
				5E706ED61D1A663700FAA7B3 /* frontViewController.xib */,
			);
			name = "Front View";
			sourceTree = "<group>";
		};
		5E706EE41D1A668200FAA7B3 /* Rear View */ = {
			isa = PBXGroup;
			children = (
				5E706ED91D1A664C00FAA7B3 /* rearViewController.h */,
				5E706EDA1D1A664C00FAA7B3 /* rearViewController.m */,
				5E706EDB1D1A664C00FAA7B3 /* rearViewController.xib */,
				5E706F061D1A863900FAA7B3 /* rearTableViewCell.h */,
				5E706F071D1A863900FAA7B3 /* rearTableViewCell.m */,
				5E706F081D1A863900FAA7B3 /* rearTableViewCell.xib */,
			);
			name = "Rear View";
			sourceTree = "<group>";
		};
		5E706EE51D1A669900FAA7B3 /* Right View */ = {
			isa = PBXGroup;
			children = (
				5E706EDE1D1A666000FAA7B3 /* rightViewController.h */,
				5E706EDF1D1A666000FAA7B3 /* rightViewController.m */,
				5E706EE01D1A666000FAA7B3 /* rightViewController.xib */,
			);
			name = "Right View";
			sourceTree = "<group>";
		};
		5E706EE61D1A6B0E00FAA7B3 /* images */ = {
			isa = PBXGroup;
			children = (
				5E706EE71D1A6B3900FAA7B3 /* activity-m-icon.png */,
				5E706EFD1D1A6BA400FAA7B3 /* linebox-1.png */,
				5E706EFF1D1A6BBC00FAA7B3 /* usericon.png */,
				5E706EE81D1A6B3900FAA7B3 /* home-m-icon.png */,
				5E706EE91D1A6B3900FAA7B3 /* how-m-icon.png */,
				5E706EEA1D1A6B3900FAA7B3 /* invite-m-icon.png */,
				5E706EEB1D1A6B3900FAA7B3 /* login-m-icon.png */,
				5E706EEC1D1A6B3900FAA7B3 /* logout-m-icon.png */,
				5E706EED1D1A6B3900FAA7B3 /* message-m-icon.png */,
				5E706EEE1D1A6B3900FAA7B3 /* my-account-m-icon.png */,
				5E706EEF1D1A6B3900FAA7B3 /* terms-m-icon.png */,
				5E706EF01D1A6B3900FAA7B3 /* readmore.png */,
				5E706EF11D1A6B3900FAA7B3 /* hearticon-1.png */,
			);
			name = images;
			sourceTree = "<group>";
		};
/* End PBXGroup section */

/* Begin PBXNativeTarget section */
		5E706E991D1A631300FAA7B3 /* SWRevealSample */ = {
			isa = PBXNativeTarget;
			buildConfigurationList = 5E706EC71D1A631900FAA7B3 /* Build configuration list for PBXNativeTarget "SWRevealSample" */;
			buildPhases = (
				5E706E961D1A631300FAA7B3 /* Sources */,
				5E706E971D1A631300FAA7B3 /* Frameworks */,
				5E706E981D1A631300FAA7B3 /* Resources */,
			);
			buildRules = (
			);
			dependencies = (
			);
			name = SWRevealSample;
			productName = SWRevealSample;
			productReference = 5E706E9A1D1A631300FAA7B3 /* SWRevealSample.app */;
			productType = "com.apple.product-type.application";
		};
		5E706EB21D1A631900FAA7B3 /* SWRevealSampleTests */ = {
			isa = PBXNativeTarget;
			buildConfigurationList = 5E706ECA1D1A631900FAA7B3 /* Build configuration list for PBXNativeTarget "SWRevealSampleTests" */;
			buildPhases = (
				5E706EAF1D1A631900FAA7B3 /* Sources */,
				5E706EB01D1A631900FAA7B3 /* Frameworks */,
				5E706EB11D1A631900FAA7B3 /* Resources */,
			);
			buildRules = (
			);
			dependencies = (
				5E706EB51D1A631900FAA7B3 /* PBXTargetDependency */,
			);
			name = SWRevealSampleTests;
			productName = SWRevealSampleTests;
			productReference = 5E706EB31D1A631900FAA7B3 /* SWRevealSampleTests.xctest */;
			productType = "com.apple.product-type.bundle.unit-test";
		};
		5E706EBD1D1A631900FAA7B3 /* SWRevealSampleUITests */ = {
			isa = PBXNativeTarget;
			buildConfigurationList = 5E706ECD1D1A631900FAA7B3 /* Build configuration list for PBXNativeTarget "SWRevealSampleUITests" */;
			buildPhases = (
				5E706EBA1D1A631900FAA7B3 /* Sources */,
				5E706EBB1D1A631900FAA7B3 /* Frameworks */,
				5E706EBC1D1A631900FAA7B3 /* Resources */,
			);
			buildRules = (
			);
			dependencies = (
				5E706EC01D1A631900FAA7B3 /* PBXTargetDependency */,
			);
			name = SWRevealSampleUITests;
			productName = SWRevealSampleUITests;
			productReference = 5E706EBE1D1A631900FAA7B3 /* SWRevealSampleUITests.xctest */;
			productType = "com.apple.product-type.bundle.ui-testing";
		};
/* End PBXNativeTarget section */

/* Begin PBXProject section */
		5E706E921D1A631300FAA7B3 /* Project object */ = {
			isa = PBXProject;
			attributes = {
				LastUpgradeCheck = 0730;
				ORGANIZATIONNAME = "inveera technologies";
				TargetAttributes = {
					5E706E991D1A631300FAA7B3 = {
						CreatedOnToolsVersion = 7.3;
					};
					5E706EB21D1A631900FAA7B3 = {
						CreatedOnToolsVersion = 7.3;
						TestTargetID = 5E706E991D1A631300FAA7B3;
					};
					5E706EBD1D1A631900FAA7B3 = {
						CreatedOnToolsVersion = 7.3;
						TestTargetID = 5E706E991D1A631300FAA7B3;
					};
				};
			};
			buildConfigurationList = 5E706E951D1A631300FAA7B3 /* Build configuration list for PBXProject "SWRevealSample" */;
			compatibilityVersion = "Xcode 3.2";
			developmentRegion = English;
			hasScannedForEncodings = 0;
			knownRegions = (
				en,
				Base,
			);
			mainGroup = 5E706E911D1A631200FAA7B3;
			productRefGroup = 5E706E9B1D1A631300FAA7B3 /* Products */;
			projectDirPath = "";
			projectRoot = "";
			targets = (
				5E706E991D1A631300FAA7B3 /* SWRevealSample */,
				5E706EB21D1A631900FAA7B3 /* SWRevealSampleTests */,
				5E706EBD1D1A631900FAA7B3 /* SWRevealSampleUITests */,
			);
		};
/* End PBXProject section */

/* Begin PBXResourcesBuildPhase section */
		5E706E981D1A631300FAA7B3 /* Resources */ = {
			isa = PBXResourcesBuildPhase;
			buildActionMask = 2147483647;
			files = (
				5E706ED81D1A663700FAA7B3 /* frontViewController.xib in Resources */,
				5E706EF21D1A6B3900FAA7B3 /* activity-m-icon.png in Resources */,
				5E706EF41D1A6B3900FAA7B3 /* how-m-icon.png in Resources */,
				5E706EDD1D1A664C00FAA7B3 /* rearViewController.xib in Resources */,
				5E706EF31D1A6B3900FAA7B3 /* home-m-icon.png in Resources */,
				5E706EAD1D1A631700FAA7B3 /* LaunchScreen.storyboard in Resources */,
				5E706EAA1D1A631700FAA7B3 /* Assets.xcassets in Resources */,
				5E706EFE1D1A6BA400FAA7B3 /* linebox-1.png in Resources */,
				5E706EFC1D1A6B3900FAA7B3 /* hearticon-1.png in Resources */,
				5E706EFA1D1A6B3900FAA7B3 /* terms-m-icon.png in Resources */,
				5E706EA81D1A631700FAA7B3 /* Main.storyboard in Resources */,
				5E706EF81D1A6B3900FAA7B3 /* message-m-icon.png in Resources */,
				5E706EF61D1A6B3900FAA7B3 /* login-m-icon.png in Resources */,
				5E706F001D1A6BBC00FAA7B3 /* usericon.png in Resources */,
				5E706EF91D1A6B3900FAA7B3 /* my-account-m-icon.png in Resources */,
				5E706EE21D1A666000FAA7B3 /* rightViewController.xib in Resources */,
				5E706EF71D1A6B3900FAA7B3 /* logout-m-icon.png in Resources */,
				5E706EFB1D1A6B3900FAA7B3 /* readmore.png in Resources */,
				5E706EF51D1A6B3900FAA7B3 /* invite-m-icon.png in Resources */,
				5E706F0A1D1A863900FAA7B3 /* rearTableViewCell.xib in Resources */,
			);
			runOnlyForDeploymentPostprocessing = 0;
		};
		5E706EB11D1A631900FAA7B3 /* Resources */ = {
			isa = PBXResourcesBuildPhase;
			buildActionMask = 2147483647;
			files = (
			);
			runOnlyForDeploymentPostprocessing = 0;
		};
		5E706EBC1D1A631900FAA7B3 /* Resources */ = {
			isa = PBXResourcesBuildPhase;
			buildActionMask = 2147483647;
			files = (
			);
			runOnlyForDeploymentPostprocessing = 0;
		};
/* End PBXResourcesBuildPhase section */

/* Begin PBXSourcesBuildPhase section */
		5E706E961D1A631300FAA7B3 /* Sources */ = {
			isa = PBXSourcesBuildPhase;
			buildActionMask = 2147483647;
			files = (
				5E706EA51D1A631700FAA7B3 /* ViewController.m in Sources */,
				5E706EA21D1A631600FAA7B3 /* AppDelegate.m in Sources */,
				5E706F091D1A863900FAA7B3 /* rearTableViewCell.m in Sources */,
				5E706ED71D1A663700FAA7B3 /* frontViewController.m in Sources */,
				5E706E9F1D1A631600FAA7B3 /* main.m in Sources */,
				5E706EDC1D1A664C00FAA7B3 /* rearViewController.m in Sources */,
				5E706ED31D1A654700FAA7B3 /* SWRevealViewController.m in Sources */,
				5E706EE11D1A666000FAA7B3 /* rightViewController.m in Sources */,
			);
			runOnlyForDeploymentPostprocessing = 0;
		};
		5E706EAF1D1A631900FAA7B3 /* Sources */ = {
			isa = PBXSourcesBuildPhase;
			buildActionMask = 2147483647;
			files = (
				5E706EB81D1A631900FAA7B3 /* SWRevealSampleTests.m in Sources */,
			);
			runOnlyForDeploymentPostprocessing = 0;
		};
		5E706EBA1D1A631900FAA7B3 /* Sources */ = {
			isa = PBXSourcesBuildPhase;
			buildActionMask = 2147483647;
			files = (
				5E706EC31D1A631900FAA7B3 /* SWRevealSampleUITests.m in Sources */,
			);
			runOnlyForDeploymentPostprocessing = 0;
		};
/* End PBXSourcesBuildPhase section */

/* Begin PBXTargetDependency section */
		5E706EB51D1A631900FAA7B3 /* PBXTargetDependency */ = {
			isa = PBXTargetDependency;
			target = 5E706E991D1A631300FAA7B3 /* SWRevealSample */;
			targetProxy = 5E706EB41D1A631900FAA7B3 /* PBXContainerItemProxy */;
		};
		5E706EC01D1A631900FAA7B3 /* PBXTargetDependency */ = {
			isa = PBXTargetDependency;
			target = 5E706E991D1A631300FAA7B3 /* SWRevealSample */;
			targetProxy = 5E706EBF1D1A631900FAA7B3 /* PBXContainerItemProxy */;
		};
/* End PBXTargetDependency section */

/* Begin PBXVariantGroup section */
		5E706EA61D1A631700FAA7B3 /* Main.storyboard */ = {
			isa = PBXVariantGroup;
			children = (
				5E706EA71D1A631700FAA7B3 /* Base */,
			);
			name = Main.storyboard;
			sourceTree = "<group>";
		};
		5E706EAB1D1A631700FAA7B3 /* LaunchScreen.storyboard */ = {
			isa = PBXVariantGroup;
			children = (
				5E706EAC1D1A631700FAA7B3 /* Base */,
			);
			name = LaunchScreen.storyboard;
			sourceTree = "<group>";
		};
/* End PBXVariantGroup section */

/* Begin XCBuildConfiguration section */
		5E706EC51D1A631900FAA7B3 /* Debug */ = {
			isa = XCBuildConfiguration;
			buildSettings = {
				ALWAYS_SEARCH_USER_PATHS = NO;
				CLANG_ANALYZER_NONNULL = YES;
				CLANG_CXX_LANGUAGE_STANDARD = "gnu++0x";
				CLANG_CXX_LIBRARY = "libc++";
				CLANG_ENABLE_MODULES = YES;
				CLANG_ENABLE_OBJC_ARC = YES;
				CLANG_WARN_BOOL_CONVERSION = YES;
				CLANG_WARN_CONSTANT_CONVERSION = YES;
				CLANG_WARN_DIRECT_OBJC_ISA_USAGE = YES_ERROR;
				CLANG_WARN_EMPTY_BODY = YES;
				CLANG_WARN_ENUM_CONVERSION = YES;
				CLANG_WARN_INT_CONVERSION = YES;
				CLANG_WARN_OBJC_ROOT_CLASS = YES_ERROR;
				CLANG_WARN_UNREACHABLE_CODE = YES;
				CLANG_WARN__DUPLICATE_METHOD_MATCH = YES;
				"CODE_SIGN_IDENTITY[sdk=iphoneos*]" = "iPhone Developer";
				COPY_PHASE_STRIP = NO;
				DEBUG_INFORMATION_FORMAT = dwarf;
				ENABLE_STRICT_OBJC_MSGSEND = YES;
				ENABLE_TESTABILITY = YES;
				GCC_C_LANGUAGE_STANDARD = gnu99;
				GCC_DYNAMIC_NO_PIC = NO;
				GCC_NO_COMMON_BLOCKS = YES;
				GCC_OPTIMIZATION_LEVEL = 0;
				GCC_PREPROCESSOR_DEFINITIONS = (
					"DEBUG=1",
					"$(inherited)",
				);
				GCC_WARN_64_TO_32_BIT_CONVERSION = YES;
				GCC_WARN_ABOUT_RETURN_TYPE = YES_ERROR;
				GCC_WARN_UNDECLARED_SELECTOR = YES;
				GCC_WARN_UNINITIALIZED_AUTOS = YES_AGGRESSIVE;
				GCC_WARN_UNUSED_FUNCTION = YES;
				GCC_WARN_UNUSED_VARIABLE = YES;
				IPHONEOS_DEPLOYMENT_TARGET = 9.3;
				MTL_ENABLE_DEBUG_INFO = YES;
				ONLY_ACTIVE_ARCH = YES;
				SDKROOT = iphoneos;
			};
			name = Debug;
		};
		5E706EC61D1A631900FAA7B3 /* Release */ = {
			isa = XCBuildConfiguration;
			buildSettings = {
				ALWAYS_SEARCH_USER_PATHS = NO;
				CLANG_ANALYZER_NONNULL = YES;
				CLANG_CXX_LANGUAGE_STANDARD = "gnu++0x";
				CLANG_CXX_LIBRARY = "libc++";
				CLANG_ENABLE_MODULES = YES;
				CLANG_ENABLE_OBJC_ARC = YES;
				CLANG_WARN_BOOL_CONVERSION = YES;
				CLANG_WARN_CONSTANT_CONVERSION = YES;
				CLANG_WARN_DIRECT_OBJC_ISA_USAGE = YES_ERROR;
				CLANG_WARN_EMPTY_BODY = YES;
				CLANG_WARN_ENUM_CONVERSION = YES;
				CLANG_WARN_INT_CONVERSION = YES;
				CLANG_WARN_OBJC_ROOT_CLASS = YES_ERROR;
				CLANG_WARN_UNREACHABLE_CODE = YES;
				CLANG_WARN__DUPLICATE_METHOD_MATCH = YES;
				"CODE_SIGN_IDENTITY[sdk=iphoneos*]" = "iPhone Developer";
				COPY_PHASE_STRIP = NO;
				DEBUG_INFORMATION_FORMAT = "dwarf-with-dsym";
				ENABLE_NS_ASSERTIONS = NO;
				ENABLE_STRICT_OBJC_MSGSEND = YES;
				GCC_C_LANGUAGE_STANDARD = gnu99;
				GCC_NO_COMMON_BLOCKS = YES;
				GCC_WARN_64_TO_32_BIT_CONVERSION = YES;
				GCC_WARN_ABOUT_RETURN_TYPE = YES_ERROR;
				GCC_WARN_UNDECLARED_SELECTOR = YES;
				GCC_WARN_UNINITIALIZED_AUTOS = YES_AGGRESSIVE;
				GCC_WARN_UNUSED_FUNCTION = YES;
				GCC_WARN_UNUSED_VARIABLE = YES;
				IPHONEOS_DEPLOYMENT_TARGET = 9.3;
				MTL_ENABLE_DEBUG_INFO = NO;
				SDKROOT = iphoneos;
				VALIDATE_PRODUCT = YES;
			};
			name = Release;
		};
		5E706EC81D1A631900FAA7B3 /* Debug */ = {
			isa = XCBuildConfiguration;
			buildSettings = {
				ASSETCATALOG_COMPILER_APPICON_NAME = AppIcon;
				INFOPLIST_FILE = SWRevealSample/Info.plist;
				LD_RUNPATH_SEARCH_PATHS = "$(inherited) @executable_path/Frameworks";
				PRODUCT_BUNDLE_IDENTIFIER = com.inveera.SWRevealSample;
				PRODUCT_NAME = "$(TARGET_NAME)";
			};
			name = Debug;
		};
		5E706EC91D1A631900FAA7B3 /* Release */ = {
			isa = XCBuildConfiguration;
			buildSettings = {
				ASSETCATALOG_COMPILER_APPICON_NAME = AppIcon;
				INFOPLIST_FILE = SWRevealSample/Info.plist;
				LD_RUNPATH_SEARCH_PATHS = "$(inherited) @executable_path/Frameworks";
				PRODUCT_BUNDLE_IDENTIFIER = com.inveera.SWRevealSample;
				PRODUCT_NAME = "$(TARGET_NAME)";
			};
			name = Release;
		};
		5E706ECB1D1A631900FAA7B3 /* Debug */ = {
			isa = XCBuildConfiguration;
			buildSettings = {
				BUNDLE_LOADER = "$(TEST_HOST)";
				INFOPLIST_FILE = SWRevealSampleTests/Info.plist;
				LD_RUNPATH_SEARCH_PATHS = "$(inherited) @executable_path/Frameworks @loader_path/Frameworks";
				PRODUCT_BUNDLE_IDENTIFIER = com.inveera.SWRevealSampleTests;
				PRODUCT_NAME = "$(TARGET_NAME)";
				TEST_HOST = "$(BUILT_PRODUCTS_DIR)/SWRevealSample.app/SWRevealSample";
			};
			name = Debug;
		};
		5E706ECC1D1A631900FAA7B3 /* Release */ = {
			isa = XCBuildConfiguration;
			buildSettings = {
				BUNDLE_LOADER = "$(TEST_HOST)";
				INFOPLIST_FILE = SWRevealSampleTests/Info.plist;
				LD_RUNPATH_SEARCH_PATHS = "$(inherited) @executable_path/Frameworks @loader_path/Frameworks";
				PRODUCT_BUNDLE_IDENTIFIER = com.inveera.SWRevealSampleTests;
				PRODUCT_NAME = "$(TARGET_NAME)";
				TEST_HOST = "$(BUILT_PRODUCTS_DIR)/SWRevealSample.app/SWRevealSample";
			};
			name = Release;
		};
		5E706ECE1D1A631900FAA7B3 /* Debug */ = {
			isa = XCBuildConfiguration;
			buildSettings = {
				INFOPLIST_FILE = SWRevealSampleUITests/Info.plist;
				LD_RUNPATH_SEARCH_PATHS = "$(inherited) @executable_path/Frameworks @loader_path/Frameworks";
				PRODUCT_BUNDLE_IDENTIFIER = com.inveera.SWRevealSampleUITests;
				PRODUCT_NAME = "$(TARGET_NAME)";
				TEST_TARGET_NAME = SWRevealSample;
			};
			name = Debug;
		};
		5E706ECF1D1A631900FAA7B3 /* Release */ = {
			isa = XCBuildConfiguration;
			buildSettings = {
				INFOPLIST_FILE = SWRevealSampleUITests/Info.plist;
				LD_RUNPATH_SEARCH_PATHS = "$(inherited) @executable_path/Frameworks @loader_path/Frameworks";
				PRODUCT_BUNDLE_IDENTIFIER = com.inveera.SWRevealSampleUITests;
				PRODUCT_NAME = "$(TARGET_NAME)";
				TEST_TARGET_NAME = SWRevealSample;
			};
			name = Release;
		};
/* End XCBuildConfiguration section */

/* Begin XCConfigurationList section */
		5E706E951D1A631300FAA7B3 /* Build configuration list for PBXProject "SWRevealSample" */ = {
			isa = XCConfigurationList;
			buildConfigurations = (
				5E706EC51D1A631900FAA7B3 /* Debug */,
				5E706EC61D1A631900FAA7B3 /* Release */,
			);
			defaultConfigurationIsVisible = 0;
			defaultConfigurationName = Release;
		};
		5E706EC71D1A631900FAA7B3 /* Build configuration list for PBXNativeTarget "SWRevealSample" */ = {
			isa = XCConfigurationList;
			buildConfigurations = (
				5E706EC81D1A631900FAA7B3 /* Debug */,
				5E706EC91D1A631900FAA7B3 /* Release */,
			);
			defaultConfigurationIsVisible = 0;
		};
		5E706ECA1D1A631900FAA7B3 /* Build configuration list for PBXNativeTarget "SWRevealSampleTests" */ = {
			isa = XCConfigurationList;
			buildConfigurations = (
				5E706ECB1D1A631900FAA7B3 /* Debug */,
				5E706ECC1D1A631900FAA7B3 /* Release */,
			);
			defaultConfigurationIsVisible = 0;
		};
		5E706ECD1D1A631900FAA7B3 /* Build configuration list for PBXNativeTarget "SWRevealSampleUITests" */ = {
			isa = XCConfigurationList;
			buildConfigurations = (
				5E706ECE1D1A631900FAA7B3 /* Debug */,
				5E706ECF1D1A631900FAA7B3 /* Release */,
			);
			defaultConfigurationIsVisible = 0;
		};
/* End XCConfigurationList section */
	};
	rootObject = 5E706E921D1A631300FAA7B3 /* Project object */;
}
